<Solution>
  <Project Path="SocialMedia.Api/SocialMedia.Api.csproj" />
  <Project Path="SocialMedia.Core/SocialMedia.Core.csproj" />
  <Project Path="SocialMedia.Infrastructure/SocialMedia.Infrastructure.csproj" />
  <Project Path="SocialMedia.Services/SocialMedia.Services.csproj" Id="14f29ae0-84f0-447b-8350-0940b0c93f11" />
</Solution>
